
Microsoft Visual Studio Solution File, Format Version 12.00
# Visual Studio Version 16
VisualStudioVersion = 16.0.28803.352
MinimumVisualStudioVersion = 10.0.40219.1
Project("{9A19103F-16F7-4668-BE54-9A1E7A4F7556}") = "RulesEngine.Web", "src\RulesEngine.Web\RulesEngine.Web.csproj", "{1A2656C1-2E70-4ACA-AB0B-D50BEEDC59DD}"
EndProject
Project("{FAE04EC0-301F-11D3-BF4B-00C04F79EFBC}") = "RulesEngine.Application", "src\RulesEngine.Application\RulesEngine.Application.csproj", "{A5589B93-D25F-4838-AE0E-309A7E890ED0}"
EndProject
Project("{FAE04EC0-301F-11D3-BF4B-00C04F79EFBC}") = "RulesEngine.Framework", "src\RulesEngine.Framework\RulesEngine.Framework.csproj", "{22A6D1D3-2BF8-4A4E-8348-09C9F3798A4F}"
EndProject
Project("{FAE04EC0-301F-11D3-BF4B-00C04F79EFBC}") = "RulesEngine.Domain", "src\RulesEngine.Domain\RulesEngine.Domain.csproj", "{E327C5F9-7465-4EE6-AE02-8406F5F001A4}"
EndProject
Project("{FAE04EC0-301F-11D3-BF4B-00C04F79EFBC}") = "RulesEngine.Tests", "src\RulesEngine.Tests\RulesEngine.Tests.csproj", "{4D2CAF52-EBBD-4202-8993-31D0049C61D3}"
EndProject
Global
	GlobalSection(SolutionConfigurationPlatforms) = preSolution
		Debug|Any CPU = Debug|Any CPU
		Release|Any CPU = Release|Any CPU
	EndGlobalSection
	GlobalSection(ProjectConfigurationPlatforms) = postSolution
		{1A2656C1-2E70-4ACA-AB0B-D50BEEDC59DD}.Debug|Any CPU.ActiveCfg = Debug|Any CPU
		{1A2656C1-2E70-4ACA-AB0B-D50BEEDC59DD}.Debug|Any CPU.Build.0 = Debug|Any CPU
		{1A2656C1-2E70-4ACA-AB0B-D50BEEDC59DD}.Release|Any CPU.ActiveCfg = Release|Any CPU
		{1A2656C1-2E70-4ACA-AB0B-D50BEEDC59DD}.Release|Any CPU.Build.0 = Release|Any CPU
		{A5589B93-D25F-4838-AE0E-309A7E890ED0}.Debug|Any CPU.ActiveCfg = Debug|Any CPU
		{A5589B93-D25F-4838-AE0E-309A7E890ED0}.Debug|Any CPU.Build.0 = Debug|Any CPU
		{A5589B93-D25F-4838-AE0E-309A7E890ED0}.Release|Any CPU.ActiveCfg = Release|Any CPU
		{A5589B93-D25F-4838-AE0E-309A7E890ED0}.Release|Any CPU.Build.0 = Release|Any CPU
		{22A6D1D3-2BF8-4A4E-8348-09C9F3798A4F}.Debug|Any CPU.ActiveCfg = Debug|Any CPU
		{22A6D1D3-2BF8-4A4E-8348-09C9F3798A4F}.Debug|Any CPU.Build.0 = Debug|Any CPU
		{22A6D1D3-2BF8-4A4E-8348-09C9F3798A4F}.Release|Any CPU.ActiveCfg = Release|Any CPU
		{22A6D1D3-2BF8-4A4E-8348-09C9F3798A4F}.Release|Any CPU.Build.0 = Release|Any CPU
		{E327C5F9-7465-4EE6-AE02-8406F5F001A4}.Debug|Any CPU.ActiveCfg = Debug|Any CPU
		{E327C5F9-7465-4EE6-AE02-8406F5F001A4}.Debug|Any CPU.Build.0 = Debug|Any CPU
		{E327C5F9-7465-4EE6-AE02-8406F5F001A4}.Release|Any CPU.ActiveCfg = Release|Any CPU
		{E327C5F9-7465-4EE6-AE02-8406F5F001A4}.Release|Any CPU.Build.0 = Release|Any CPU
		{4D2CAF52-EBBD-4202-8993-31D0049C61D3}.Debug|Any CPU.ActiveCfg = Debug|Any CPU
		{4D2CAF52-EBBD-4202-8993-31D0049C61D3}.Debug|Any CPU.Build.0 = Debug|Any CPU
		{4D2CAF52-EBBD-4202-8993-31D0049C61D3}.Release|Any CPU.ActiveCfg = Release|Any CPU
		{4D2CAF52-EBBD-4202-8993-31D0049C61D3}.Release|Any CPU.Build.0 = Release|Any CPU
	EndGlobalSection
	GlobalSection(SolutionProperties) = preSolution
		HideSolutionNode = FALSE
	EndGlobalSection
	GlobalSection(ExtensibilityGlobals) = postSolution
		SolutionGuid = {178D9635-001D-496C-B947-F656D152E732}
	EndGlobalSection
EndGlobal
